
Microsoft Visual Studio Solution File, Format Version 12.00
# Visual Studio Version 16
VisualStudioVersion = 16.0.30907.101
MinimumVisualStudioVersion = 15.0.26124.0
Project("{9A19103F-16F7-4668-BE54-9A1E7A4F7556}") = "SolarCoffee.Data", "SolarCoffee.Data\SolarCoffee.Data.csproj", "{15235C6C-E721-4850-B759-E7C90E05726F}"
EndProject
Project("{9A19103F-16F7-4668-BE54-9A1E7A4F7556}") = "SolarCoffee.Services", "SolarCoffee.Services\SolarCoffee.Services.csproj", "{D012EA8C-32A3-4EFB-A86A-17150B6995C7}"
EndProject
Project("{9A19103F-16F7-4668-BE54-9A1E7A4F7556}") = "SolarCoffee.Test", "SolarCoffee.Test\SolarCoffee.Test.csproj", "{51A04E94-C329-47C0-857C-2C51FC4A78CB}"
EndProject
Project("{9A19103F-16F7-4668-BE54-9A1E7A4F7556}") = "SolarCoffee.Web", "SolarCoffee.Web\SolarCoffee.Web.csproj", "{3CE65D1D-7C6E-4D40-96A1-5A90D695083B}"
	ProjectSection(ProjectDependencies) = postProject
		{D012EA8C-32A3-4EFB-A86A-17150B6995C7} = {D012EA8C-32A3-4EFB-A86A-17150B6995C7}
	EndProjectSection
EndProject
Global
	GlobalSection(SolutionConfigurationPlatforms) = preSolution
		Debug|Any CPU = Debug|Any CPU
		Debug|x64 = Debug|x64
		Debug|x86 = Debug|x86
		Release|Any CPU = Release|Any CPU
		Release|x64 = Release|x64
		Release|x86 = Release|x86
	EndGlobalSection
	GlobalSection(ProjectConfigurationPlatforms) = postSolution
		{15235C6C-E721-4850-B759-E7C90E05726F}.Debug|Any CPU.ActiveCfg = Debug|Any CPU
		{15235C6C-E721-4850-B759-E7C90E05726F}.Debug|Any CPU.Build.0 = Debug|Any CPU
		{15235C6C-E721-4850-B759-E7C90E05726F}.Debug|x64.ActiveCfg = Debug|Any CPU
		{15235C6C-E721-4850-B759-E7C90E05726F}.Debug|x64.Build.0 = Debug|Any CPU
		{15235C6C-E721-4850-B759-E7C90E05726F}.Debug|x86.ActiveCfg = Debug|Any CPU
		{15235C6C-E721-4850-B759-E7C90E05726F}.Debug|x86.Build.0 = Debug|Any CPU
		{15235C6C-E721-4850-B759-E7C90E05726F}.Release|Any CPU.ActiveCfg = Release|Any CPU
		{15235C6C-E721-4850-B759-E7C90E05726F}.Release|Any CPU.Build.0 = Release|Any CPU
		{15235C6C-E721-4850-B759-E7C90E05726F}.Release|x64.ActiveCfg = Release|Any CPU
		{15235C6C-E721-4850-B759-E7C90E05726F}.Release|x64.Build.0 = Release|Any CPU
		{15235C6C-E721-4850-B759-E7C90E05726F}.Release|x86.ActiveCfg = Release|Any CPU
		{15235C6C-E721-4850-B759-E7C90E05726F}.Release|x86.Build.0 = Release|Any CPU
		{D012EA8C-32A3-4EFB-A86A-17150B6995C7}.Debug|Any CPU.ActiveCfg = Debug|Any CPU
		{D012EA8C-32A3-4EFB-A86A-17150B6995C7}.Debug|Any CPU.Build.0 = Debug|Any CPU
		{D012EA8C-32A3-4EFB-A86A-17150B6995C7}.Debug|x64.ActiveCfg = Debug|Any CPU
		{D012EA8C-32A3-4EFB-A86A-17150B6995C7}.Debug|x64.Build.0 = Debug|Any CPU
		{D012EA8C-32A3-4EFB-A86A-17150B6995C7}.Debug|x86.ActiveCfg = Debug|Any CPU
		{D012EA8C-32A3-4EFB-A86A-17150B6995C7}.Debug|x86.Build.0 = Debug|Any CPU
		{D012EA8C-32A3-4EFB-A86A-17150B6995C7}.Release|Any CPU.ActiveCfg = Release|Any CPU
		{D012EA8C-32A3-4EFB-A86A-17150B6995C7}.Release|Any CPU.Build.0 = Release|Any CPU
		{D012EA8C-32A3-4EFB-A86A-17150B6995C7}.Release|x64.ActiveCfg = Release|Any CPU
		{D012EA8C-32A3-4EFB-A86A-17150B6995C7}.Release|x64.Build.0 = Release|Any CPU
		{D012EA8C-32A3-4EFB-A86A-17150B6995C7}.Release|x86.ActiveCfg = Release|Any CPU
		{D012EA8C-32A3-4EFB-A86A-17150B6995C7}.Release|x86.Build.0 = Release|Any CPU
		{51A04E94-C329-47C0-857C-2C51FC4A78CB}.Debug|Any CPU.ActiveCfg = Debug|Any CPU
		{51A04E94-C329-47C0-857C-2C51FC4A78CB}.Debug|Any CPU.Build.0 = Debug|Any CPU
		{51A04E94-C329-47C0-857C-2C51FC4A78CB}.Debug|x64.ActiveCfg = Debug|Any CPU
		{51A04E94-C329-47C0-857C-2C51FC4A78CB}.Debug|x64.Build.0 = Debug|Any CPU
		{51A04E94-C329-47C0-857C-2C51FC4A78CB}.Debug|x86.ActiveCfg = Debug|Any CPU
		{51A04E94-C329-47C0-857C-2C51FC4A78CB}.Debug|x86.Build.0 = Debug|Any CPU
		{51A04E94-C329-47C0-857C-2C51FC4A78CB}.Release|Any CPU.ActiveCfg = Release|Any CPU
		{51A04E94-C329-47C0-857C-2C51FC4A78CB}.Release|Any CPU.Build.0 = Release|Any CPU
		{51A04E94-C329-47C0-857C-2C51FC4A78CB}.Release|x64.ActiveCfg = Release|Any CPU
		{51A04E94-C329-47C0-857C-2C51FC4A78CB}.Release|x64.Build.0 = Release|Any CPU
		{51A04E94-C329-47C0-857C-2C51FC4A78CB}.Release|x86.ActiveCfg = Release|Any CPU
		{51A04E94-C329-47C0-857C-2C51FC4A78CB}.Release|x86.Build.0 = Release|Any CPU
		{3CE65D1D-7C6E-4D40-96A1-5A90D695083B}.Debug|Any CPU.ActiveCfg = Debug|Any CPU
		{3CE65D1D-7C6E-4D40-96A1-5A90D695083B}.Debug|Any CPU.Build.0 = Debug|Any CPU
		{3CE65D1D-7C6E-4D40-96A1-5A90D695083B}.Debug|x64.ActiveCfg = Debug|Any CPU
		{3CE65D1D-7C6E-4D40-96A1-5A90D695083B}.Debug|x64.Build.0 = Debug|Any CPU
		{3CE65D1D-7C6E-4D40-96A1-5A90D695083B}.Debug|x86.ActiveCfg = Debug|Any CPU
		{3CE65D1D-7C6E-4D40-96A1-5A90D695083B}.Debug|x86.Build.0 = Debug|Any CPU
		{3CE65D1D-7C6E-4D40-96A1-5A90D695083B}.Release|Any CPU.ActiveCfg = Release|Any CPU
		{3CE65D1D-7C6E-4D40-96A1-5A90D695083B}.Release|Any CPU.Build.0 = Release|Any CPU
		{3CE65D1D-7C6E-4D40-96A1-5A90D695083B}.Release|x64.ActiveCfg = Release|Any CPU
		{3CE65D1D-7C6E-4D40-96A1-5A90D695083B}.Release|x64.Build.0 = Release|Any CPU
		{3CE65D1D-7C6E-4D40-96A1-5A90D695083B}.Release|x86.ActiveCfg = Release|Any CPU
		{3CE65D1D-7C6E-4D40-96A1-5A90D695083B}.Release|x86.Build.0 = Release|Any CPU
	EndGlobalSection
	GlobalSection(SolutionProperties) = preSolution
		HideSolutionNode = FALSE
	EndGlobalSection
	GlobalSection(ExtensibilityGlobals) = postSolution
		SolutionGuid = {8B328063-C57A-447F-AED0-DE7B874874EA}
	EndGlobalSection
EndGlobal
